// !$*UTF8*$!
{
	archiveVersion = 1;
	classes = {
	};
	objectVersion = 56;
	objects = {

/* Begin PBXBuildFile section */
		9D462CCB2A227B26002EA875 /* CoinGraphiaApp.swift in Sources */ = {isa = PBXBuildFile; fileRef = 9D462CCA2A227B26002EA875 /* CoinGraphiaApp.swift */; };
		9D462CCD2A227B26002EA875 /* ContentView.swift in Sources */ = {isa = PBXBuildFile; fileRef = 9D462CCC2A227B26002EA875 /* ContentView.swift */; };
		9D462CCF2A227B26002EA875 /* Assets.xcassets in Resources */ = {isa = PBXBuildFile; fileRef = 9D462CCE2A227B26002EA875 /* Assets.xcassets */; };
		9D462CD22A227B26002EA875 /* Preview Assets.xcassets in Resources */ = {isa = PBXBuildFile; fileRef = 9D462CD12A227B26002EA875 /* Preview Assets.xcassets */; };
		9D462CDA2A228087002EA875 /* Color.swift in Sources */ = {isa = PBXBuildFile; fileRef = 9D462CD92A228087002EA875 /* Color.swift */; };
		9D462CE12A2286B5002EA875 /* HomeView.swift in Sources */ = {isa = PBXBuildFile; fileRef = 9D462CE02A2286B5002EA875 /* HomeView.swift */; };
		9D462CE52A228837002EA875 /* CircleButtonView.swift in Sources */ = {isa = PBXBuildFile; fileRef = 9D462CE42A228837002EA875 /* CircleButtonView.swift */; };
		9D462CE72A22929D002EA875 /* CiricleButtonAnimationView.swift in Sources */ = {isa = PBXBuildFile; fileRef = 9D462CE62A22929D002EA875 /* CiricleButtonAnimationView.swift */; };
		9D462CEA2A23DC0B002EA875 /* CoinModel.swift in Sources */ = {isa = PBXBuildFile; fileRef = 9D462CE92A23DC0A002EA875 /* CoinModel.swift */; };
		9D462CEC2A23ECEE002EA875 /* CoinRowView.swift in Sources */ = {isa = PBXBuildFile; fileRef = 9D462CEB2A23ECEE002EA875 /* CoinRowView.swift */; };
		9D462CEE2A23EECB002EA875 /* Double.swift in Sources */ = {isa = PBXBuildFile; fileRef = 9D462CED2A23EECB002EA875 /* Double.swift */; };
		9D462CF02A24AD50002EA875 /* PreviewProvider.swift in Sources */ = {isa = PBXBuildFile; fileRef = 9D462CEF2A24AD50002EA875 /* PreviewProvider.swift */; };
		9D67B6392A30F9E0007D485E /* StatisticModel.swift in Sources */ = {isa = PBXBuildFile; fileRef = 9D67B6382A30F9E0007D485E /* StatisticModel.swift */; };
		9D67B63B2A30FC7D007D485E /* StatisitcView.swift in Sources */ = {isa = PBXBuildFile; fileRef = 9D67B63A2A30FC7D007D485E /* StatisitcView.swift */; };
		9D67B63D2A31167B007D485E /* HomeStatsView.swift in Sources */ = {isa = PBXBuildFile; fileRef = 9D67B63C2A31167B007D485E /* HomeStatsView.swift */; };
		9D98B2422A2E633F00D9CD8C /* NetworkingManager.swift in Sources */ = {isa = PBXBuildFile; fileRef = 9D98B2412A2E633F00D9CD8C /* NetworkingManager.swift */; };
		9D98B2472A2E853300D9CD8C /* CoinImageView.swift in Sources */ = {isa = PBXBuildFile; fileRef = 9D98B2462A2E853300D9CD8C /* CoinImageView.swift */; };
		9D98B2492A2E876100D9CD8C /* CoinImageService.swift in Sources */ = {isa = PBXBuildFile; fileRef = 9D98B2482A2E876000D9CD8C /* CoinImageService.swift */; };
		9D98B24B2A2E896F00D9CD8C /* CoinViewImageModel.swift in Sources */ = {isa = PBXBuildFile; fileRef = 9D98B24A2A2E896F00D9CD8C /* CoinViewImageModel.swift */; };
		9DB6B1912A2A0C19008A75F9 /* HomeViewModel.swift in Sources */ = {isa = PBXBuildFile; fileRef = 9DB6B1902A2A0C19008A75F9 /* HomeViewModel.swift */; };
		9DB6B1942A2A5675008A75F9 /* CoinDataService.swift in Sources */ = {isa = PBXBuildFile; fileRef = 9DB6B1932A2A5675008A75F9 /* CoinDataService.swift */; };
		9DD16DC82A2FAEEB009D52B4 /* LocalFileManager.swift in Sources */ = {isa = PBXBuildFile; fileRef = 9DD16DC72A2FAEEB009D52B4 /* LocalFileManager.swift */; };
		9DD16DCA2A2FE92C009D52B4 /* SearchBarView.swift in Sources */ = {isa = PBXBuildFile; fileRef = 9DD16DC92A2FE92C009D52B4 /* SearchBarView.swift */; };
/* End PBXBuildFile section */

/* Begin PBXFileReference section */
		9D462CC72A227B25002EA875 /* CoinGraphia.app */ = {isa = PBXFileReference; explicitFileType = wrapper.application; includeInIndex = 0; path = CoinGraphia.app; sourceTree = BUILT_PRODUCTS_DIR; };
		9D462CCA2A227B26002EA875 /* CoinGraphiaApp.swift */ = {isa = PBXFileReference; lastKnownFileType = sourcecode.swift; path = CoinGraphiaApp.swift; sourceTree = "<group>"; };
		9D462CCC2A227B26002EA875 /* ContentView.swift */ = {isa = PBXFileReference; lastKnownFileType = sourcecode.swift; path = ContentView.swift; sourceTree = "<group>"; };
		9D462CCE2A227B26002EA875 /* Assets.xcassets */ = {isa = PBXFileReference; lastKnownFileType = folder.assetcatalog; path = Assets.xcassets; sourceTree = "<group>"; };
		9D462CD12A227B26002EA875 /* Preview Assets.xcassets */ = {isa = PBXFileReference; lastKnownFileType = folder.assetcatalog; path = "Preview Assets.xcassets"; sourceTree = "<group>"; };
		9D462CD92A228087002EA875 /* Color.swift */ = {isa = PBXFileReference; lastKnownFileType = sourcecode.swift; path = Color.swift; sourceTree = "<group>"; };
		9D462CE02A2286B5002EA875 /* HomeView.swift */ = {isa = PBXFileReference; lastKnownFileType = sourcecode.swift; path = HomeView.swift; sourceTree = "<group>"; };
		9D462CE42A228837002EA875 /* CircleButtonView.swift */ = {isa = PBXFileReference; lastKnownFileType = sourcecode.swift; path = CircleButtonView.swift; sourceTree = "<group>"; };
		9D462CE62A22929D002EA875 /* CiricleButtonAnimationView.swift */ = {isa = PBXFileReference; lastKnownFileType = sourcecode.swift; path = CiricleButtonAnimationView.swift; sourceTree = "<group>"; };
		9D462CE92A23DC0A002EA875 /* CoinModel.swift */ = {isa = PBXFileReference; lastKnownFileType = sourcecode.swift; path = CoinModel.swift; sourceTree = "<group>"; };
		9D462CEB2A23ECEE002EA875 /* CoinRowView.swift */ = {isa = PBXFileReference; lastKnownFileType = sourcecode.swift; path = CoinRowView.swift; sourceTree = "<group>"; };
		9D462CED2A23EECB002EA875 /* Double.swift */ = {isa = PBXFileReference; lastKnownFileType = sourcecode.swift; path = Double.swift; sourceTree = "<group>"; };
		9D462CEF2A24AD50002EA875 /* PreviewProvider.swift */ = {isa = PBXFileReference; lastKnownFileType = sourcecode.swift; path = PreviewProvider.swift; sourceTree = "<group>"; };
		9D67B6382A30F9E0007D485E /* StatisticModel.swift */ = {isa = PBXFileReference; lastKnownFileType = sourcecode.swift; path = StatisticModel.swift; sourceTree = "<group>"; };
		9D67B63A2A30FC7D007D485E /* StatisitcView.swift */ = {isa = PBXFileReference; lastKnownFileType = sourcecode.swift; path = StatisitcView.swift; sourceTree = "<group>"; };
		9D67B63C2A31167B007D485E /* HomeStatsView.swift */ = {isa = PBXFileReference; lastKnownFileType = sourcecode.swift; path = HomeStatsView.swift; sourceTree = "<group>"; };
		9D98B2412A2E633F00D9CD8C /* NetworkingManager.swift */ = {isa = PBXFileReference; lastKnownFileType = sourcecode.swift; path = NetworkingManager.swift; sourceTree = "<group>"; };
		9D98B2462A2E853300D9CD8C /* CoinImageView.swift */ = {isa = PBXFileReference; lastKnownFileType = sourcecode.swift; path = CoinImageView.swift; sourceTree = "<group>"; };
		9D98B2482A2E876000D9CD8C /* CoinImageService.swift */ = {isa = PBXFileReference; lastKnownFileType = sourcecode.swift; path = CoinImageService.swift; sourceTree = "<group>"; };
		9D98B24A2A2E896F00D9CD8C /* CoinViewImageModel.swift */ = {isa = PBXFileReference; lastKnownFileType = sourcecode.swift; path = CoinViewImageModel.swift; sourceTree = "<group>"; };
		9DB6B1902A2A0C19008A75F9 /* HomeViewModel.swift */ = {isa = PBXFileReference; lastKnownFileType = sourcecode.swift; path = HomeViewModel.swift; sourceTree = "<group>"; };
		9DB6B1932A2A5675008A75F9 /* CoinDataService.swift */ = {isa = PBXFileReference; lastKnownFileType = sourcecode.swift; path = CoinDataService.swift; sourceTree = "<group>"; };
		9DD16DC72A2FAEEB009D52B4 /* LocalFileManager.swift */ = {isa = PBXFileReference; lastKnownFileType = sourcecode.swift; path = LocalFileManager.swift; sourceTree = "<group>"; };
		9DD16DC92A2FE92C009D52B4 /* SearchBarView.swift */ = {isa = PBXFileReference; lastKnownFileType = sourcecode.swift; path = SearchBarView.swift; sourceTree = "<group>"; };
/* End PBXFileReference section */

/* Begin PBXFrameworksBuildPhase section */
		9D462CC42A227B25002EA875 /* Frameworks */ = {
			isa = PBXFrameworksBuildPhase;
			buildActionMask = 2147483647;
			files = (
			);
			runOnlyForDeploymentPostprocessing = 0;
		};
/* End PBXFrameworksBuildPhase section */

/* Begin PBXGroup section */
		9D462CBE2A227B25002EA875 = {
			isa = PBXGroup;
			children = (
				9D462CC92A227B25002EA875 /* CoinGraphia */,
				9D462CC82A227B25002EA875 /* Products */,
			);
			sourceTree = "<group>";
		};
		9D462CC82A227B25002EA875 /* Products */ = {
			isa = PBXGroup;
			children = (
				9D462CC72A227B25002EA875 /* CoinGraphia.app */,
			);
			name = Products;
			sourceTree = "<group>";
		};
		9D462CC92A227B25002EA875 /* CoinGraphia */ = {
			isa = PBXGroup;
			children = (
				9D462CCA2A227B26002EA875 /* CoinGraphiaApp.swift */,
				9D98B2402A2E631900D9CD8C /* Utilities */,
				9D462CD82A22806A002EA875 /* Extension */,
				9DB6B1922A2A564A008A75F9 /* Services */,
				9D462CE82A23DBDF002EA875 /* Models */,
				9D462CDC2A228652002EA875 /* Core */,
				9D462CCC2A227B26002EA875 /* ContentView.swift */,
				9D462CCE2A227B26002EA875 /* Assets.xcassets */,
				9D462CD02A227B26002EA875 /* Preview Content */,
			);
			path = CoinGraphia;
			sourceTree = "<group>";
		};
		9D462CD02A227B26002EA875 /* Preview Content */ = {
			isa = PBXGroup;
			children = (
				9D462CD12A227B26002EA875 /* Preview Assets.xcassets */,
			);
			path = "Preview Content";
			sourceTree = "<group>";
		};
		9D462CD82A22806A002EA875 /* Extension */ = {
			isa = PBXGroup;
			children = (
				9D462CD92A228087002EA875 /* Color.swift */,
				9D462CED2A23EECB002EA875 /* Double.swift */,
				9D462CEF2A24AD50002EA875 /* PreviewProvider.swift */,
			);
			path = Extension;
			sourceTree = "<group>";
		};
		9D462CDC2A228652002EA875 /* Core */ = {
			isa = PBXGroup;
			children = (
				9D462CE22A228808002EA875 /* Components */,
				9D462CDD2A22865E002EA875 /* Home */,
			);
			path = Core;
			sourceTree = "<group>";
		};
		9D462CDD2A22865E002EA875 /* Home */ = {
			isa = PBXGroup;
			children = (
				9D462CDF2A228693002EA875 /* ViewModel */,
				9D462CDE2A22868C002EA875 /* Views */,
			);
			path = Home;
			sourceTree = "<group>";
		};
		9D462CDE2A22868C002EA875 /* Views */ = {
			isa = PBXGroup;
			children = (
				9D462CE02A2286B5002EA875 /* HomeView.swift */,
				9D67B63C2A31167B007D485E /* HomeStatsView.swift */,
				9D462CEB2A23ECEE002EA875 /* CoinRowView.swift */,
			);
			path = Views;
			sourceTree = "<group>";
		};
		9D462CDF2A228693002EA875 /* ViewModel */ = {
			isa = PBXGroup;
			children = (
				9DB6B1902A2A0C19008A75F9 /* HomeViewModel.swift */,
			);
			path = ViewModel;
			sourceTree = "<group>";
		};
		9D462CE22A228808002EA875 /* Components */ = {
			isa = PBXGroup;
			children = (
				9D98B2432A2E84CC00D9CD8C /* CoinImage */,
				9D462CE32A228813002EA875 /* CircleButton */,
				9DD16DC92A2FE92C009D52B4 /* SearchBarView.swift */,
				9D67B63A2A30FC7D007D485E /* StatisitcView.swift */,
			);
			path = Components;
			sourceTree = "<group>";
		};
		9D462CE32A228813002EA875 /* CircleButton */ = {
			isa = PBXGroup;
			children = (
				9D462CE42A228837002EA875 /* CircleButtonView.swift */,
				9D462CE62A22929D002EA875 /* CiricleButtonAnimationView.swift */,
			);
			path = CircleButton;
			sourceTree = "<group>";
		};
		9D462CE82A23DBDF002EA875 /* Models */ = {
			isa = PBXGroup;
			children = (
				9D462CE92A23DC0A002EA875 /* CoinModel.swift */,
				9D67B6382A30F9E0007D485E /* StatisticModel.swift */,
			);
			path = Models;
			sourceTree = "<group>";
		};
		9D98B2402A2E631900D9CD8C /* Utilities */ = {
			isa = PBXGroup;
			children = (
				9D98B2412A2E633F00D9CD8C /* NetworkingManager.swift */,
				9DD16DC72A2FAEEB009D52B4 /* LocalFileManager.swift */,
			);
			path = Utilities;
			sourceTree = "<group>";
		};
		9D98B2432A2E84CC00D9CD8C /* CoinImage */ = {
			isa = PBXGroup;
			children = (
				9D98B2462A2E853300D9CD8C /* CoinImageView.swift */,
				9D98B24A2A2E896F00D9CD8C /* CoinViewImageModel.swift */,
			);
			path = CoinImage;
			sourceTree = "<group>";
		};
		9DB6B1922A2A564A008A75F9 /* Services */ = {
			isa = PBXGroup;
			children = (
				9DB6B1932A2A5675008A75F9 /* CoinDataService.swift */,
				9D98B2482A2E876000D9CD8C /* CoinImageService.swift */,
			);
			path = Services;
			sourceTree = "<group>";
		};
/* End PBXGroup section */

/* Begin PBXNativeTarget section */
		9D462CC62A227B25002EA875 /* CoinGraphia */ = {
			isa = PBXNativeTarget;
			buildConfigurationList = 9D462CD52A227B26002EA875 /* Build configuration list for PBXNativeTarget "CoinGraphia" */;
			buildPhases = (
				9D462CC32A227B25002EA875 /* Sources */,
				9D462CC42A227B25002EA875 /* Frameworks */,
				9D462CC52A227B25002EA875 /* Resources */,
			);
			buildRules = (
			);
			dependencies = (
			);
			name = CoinGraphia;
			productName = CoinGraphia;
			productReference = 9D462CC72A227B25002EA875 /* CoinGraphia.app */;
			productType = "com.apple.product-type.application";
		};
/* End PBXNativeTarget section */

/* Begin PBXProject section */
		9D462CBF2A227B25002EA875 /* Project object */ = {
			isa = PBXProject;
			attributes = {
				BuildIndependentTargetsInParallel = 1;
				LastSwiftUpdateCheck = 1430;
				LastUpgradeCheck = 1430;
				TargetAttributes = {
					9D462CC62A227B25002EA875 = {
						CreatedOnToolsVersion = 14.3;
					};
				};
			};
			buildConfigurationList = 9D462CC22A227B25002EA875 /* Build configuration list for PBXProject "CoinGraphia" */;
			compatibilityVersion = "Xcode 14.0";
			developmentRegion = en;
			hasScannedForEncodings = 0;
			knownRegions = (
				en,
				Base,
			);
			mainGroup = 9D462CBE2A227B25002EA875;
			productRefGroup = 9D462CC82A227B25002EA875 /* Products */;
			projectDirPath = "";
			projectRoot = "";
			targets = (
				9D462CC62A227B25002EA875 /* CoinGraphia */,
			);
		};
/* End PBXProject section */

/* Begin PBXResourcesBuildPhase section */
		9D462CC52A227B25002EA875 /* Resources */ = {
			isa = PBXResourcesBuildPhase;
			buildActionMask = 2147483647;
			files = (
				9D462CD22A227B26002EA875 /* Preview Assets.xcassets in Resources */,
				9D462CCF2A227B26002EA875 /* Assets.xcassets in Resources */,
			);
			runOnlyForDeploymentPostprocessing = 0;
		};
/* End PBXResourcesBuildPhase section */

/* Begin PBXSourcesBuildPhase section */
		9D462CC32A227B25002EA875 /* Sources */ = {
			isa = PBXSourcesBuildPhase;
			buildActionMask = 2147483647;
			files = (
				9D67B6392A30F9E0007D485E /* StatisticModel.swift in Sources */,
				9DB6B1942A2A5675008A75F9 /* CoinDataService.swift in Sources */,
				9D462CEC2A23ECEE002EA875 /* CoinRowView.swift in Sources */,
				9DB6B1912A2A0C19008A75F9 /* HomeViewModel.swift in Sources */,
				9D462CCD2A227B26002EA875 /* ContentView.swift in Sources */,
				9DD16DC82A2FAEEB009D52B4 /* LocalFileManager.swift in Sources */,
				9D462CE12A2286B5002EA875 /* HomeView.swift in Sources */,
				9D98B2472A2E853300D9CD8C /* CoinImageView.swift in Sources */,
				9D462CCB2A227B26002EA875 /* CoinGraphiaApp.swift in Sources */,
				9D67B63B2A30FC7D007D485E /* StatisitcView.swift in Sources */,
				9D462CE52A228837002EA875 /* CircleButtonView.swift in Sources */,
				9D67B63D2A31167B007D485E /* HomeStatsView.swift in Sources */,
				9D462CE72A22929D002EA875 /* CiricleButtonAnimationView.swift in Sources */,
				9DD16DCA2A2FE92C009D52B4 /* SearchBarView.swift in Sources */,
				9D98B2422A2E633F00D9CD8C /* NetworkingManager.swift in Sources */,
				9D462CDA2A228087002EA875 /* Color.swift in Sources */,
				9D98B24B2A2E896F00D9CD8C /* CoinViewImageModel.swift in Sources */,
				9D462CEE2A23EECB002EA875 /* Double.swift in Sources */,
				9D462CEA2A23DC0B002EA875 /* CoinModel.swift in Sources */,
				9D98B2492A2E876100D9CD8C /* CoinImageService.swift in Sources */,
				9D462CF02A24AD50002EA875 /* PreviewProvider.swift in Sources */,
			);
			runOnlyForDeploymentPostprocessing = 0;
		};
/* End PBXSourcesBuildPhase section */

/* Begin XCBuildConfiguration section */
		9D462CD32A227B26002EA875 /* Debug */ = {
			isa = XCBuildConfiguration;
			buildSettings = {
				ALWAYS_SEARCH_USER_PATHS = NO;
				CLANG_ANALYZER_NONNULL = YES;
				CLANG_ANALYZER_NUMBER_OBJECT_CONVERSION = YES_AGGRESSIVE;
				CLANG_CXX_LANGUAGE_STANDARD = "gnu++20";
				CLANG_ENABLE_MODULES = YES;
				CLANG_ENABLE_OBJC_ARC = YES;
				CLANG_ENABLE_OBJC_WEAK = YES;
				CLANG_WARN_BLOCK_CAPTURE_AUTORELEASING = YES;
				CLANG_WARN_BOOL_CONVERSION = YES;
				CLANG_WARN_COMMA = YES;
				CLANG_WARN_CONSTANT_CONVERSION = YES;
				CLANG_WARN_DEPRECATED_OBJC_IMPLEMENTATIONS = YES;
				CLANG_WARN_DIRECT_OBJC_ISA_USAGE = YES_ERROR;
				CLANG_WARN_DOCUMENTATION_COMMENTS = YES;
				CLANG_WARN_EMPTY_BODY = YES;
				CLANG_WARN_ENUM_CONVERSION = YES;
				CLANG_WARN_INFINITE_RECURSION = YES;
				CLANG_WARN_INT_CONVERSION = YES;
				CLANG_WARN_NON_LITERAL_NULL_CONVERSION = YES;
				CLANG_WARN_OBJC_IMPLICIT_RETAIN_SELF = YES;
				CLANG_WARN_OBJC_LITERAL_CONVERSION = YES;
				CLANG_WARN_OBJC_ROOT_CLASS = YES_ERROR;
				CLANG_WARN_QUOTED_INCLUDE_IN_FRAMEWORK_HEADER = YES;
				CLANG_WARN_RANGE_LOOP_ANALYSIS = YES;
				CLANG_WARN_STRICT_PROTOTYPES = YES;
				CLANG_WARN_SUSPICIOUS_MOVE = YES;
				CLANG_WARN_UNGUARDED_AVAILABILITY = YES_AGGRESSIVE;
				CLANG_WARN_UNREACHABLE_CODE = YES;
				CLANG_WARN__DUPLICATE_METHOD_MATCH = YES;
				COPY_PHASE_STRIP = NO;
				DEBUG_INFORMATION_FORMAT = dwarf;
				ENABLE_STRICT_OBJC_MSGSEND = YES;
				ENABLE_TESTABILITY = YES;
				GCC_C_LANGUAGE_STANDARD = gnu11;
				GCC_DYNAMIC_NO_PIC = NO;
				GCC_NO_COMMON_BLOCKS = YES;
				GCC_OPTIMIZATION_LEVEL = 0;
				GCC_PREPROCESSOR_DEFINITIONS = (
					"DEBUG=1",
					"$(inherited)",
				);
				GCC_WARN_64_TO_32_BIT_CONVERSION = YES;
				GCC_WARN_ABOUT_RETURN_TYPE = YES_ERROR;
				GCC_WARN_UNDECLARED_SELECTOR = YES;
				GCC_WARN_UNINITIALIZED_AUTOS = YES_AGGRESSIVE;
				GCC_WARN_UNUSED_FUNCTION = YES;
				GCC_WARN_UNUSED_VARIABLE = YES;
				IPHONEOS_DEPLOYMENT_TARGET = 16.4;
				MTL_ENABLE_DEBUG_INFO = INCLUDE_SOURCE;
				MTL_FAST_MATH = YES;
				ONLY_ACTIVE_ARCH = YES;
				SDKROOT = iphoneos;
				SWIFT_ACTIVE_COMPILATION_CONDITIONS = DEBUG;
				SWIFT_OPTIMIZATION_LEVEL = "-Onone";
			};
			name = Debug;
		};
		9D462CD42A227B26002EA875 /* Release */ = {
			isa = XCBuildConfiguration;
			buildSettings = {
				ALWAYS_SEARCH_USER_PATHS = NO;
				CLANG_ANALYZER_NONNULL = YES;
				CLANG_ANALYZER_NUMBER_OBJECT_CONVERSION = YES_AGGRESSIVE;
				CLANG_CXX_LANGUAGE_STANDARD = "gnu++20";
				CLANG_ENABLE_MODULES = YES;
				CLANG_ENABLE_OBJC_ARC = YES;
				CLANG_ENABLE_OBJC_WEAK = YES;
				CLANG_WARN_BLOCK_CAPTURE_AUTORELEASING = YES;
				CLANG_WARN_BOOL_CONVERSION = YES;
				CLANG_WARN_COMMA = YES;
				CLANG_WARN_CONSTANT_CONVERSION = YES;
				CLANG_WARN_DEPRECATED_OBJC_IMPLEMENTATIONS = YES;
				CLANG_WARN_DIRECT_OBJC_ISA_USAGE = YES_ERROR;
				CLANG_WARN_DOCUMENTATION_COMMENTS = YES;
				CLANG_WARN_EMPTY_BODY = YES;
				CLANG_WARN_ENUM_CONVERSION = YES;
				CLANG_WARN_INFINITE_RECURSION = YES;
				CLANG_WARN_INT_CONVERSION = YES;
				CLANG_WARN_NON_LITERAL_NULL_CONVERSION = YES;
				CLANG_WARN_OBJC_IMPLICIT_RETAIN_SELF = YES;
				CLANG_WARN_OBJC_LITERAL_CONVERSION = YES;
				CLANG_WARN_OBJC_ROOT_CLASS = YES_ERROR;
				CLANG_WARN_QUOTED_INCLUDE_IN_FRAMEWORK_HEADER = YES;
				CLANG_WARN_RANGE_LOOP_ANALYSIS = YES;
				CLANG_WARN_STRICT_PROTOTYPES = YES;
				CLANG_WARN_SUSPICIOUS_MOVE = YES;
				CLANG_WARN_UNGUARDED_AVAILABILITY = YES_AGGRESSIVE;
				CLANG_WARN_UNREACHABLE_CODE = YES;
				CLANG_WARN__DUPLICATE_METHOD_MATCH = YES;
				COPY_PHASE_STRIP = NO;
				DEBUG_INFORMATION_FORMAT = "dwarf-with-dsym";
				ENABLE_NS_ASSERTIONS = NO;
				ENABLE_STRICT_OBJC_MSGSEND = YES;
				GCC_C_LANGUAGE_STANDARD = gnu11;
				GCC_NO_COMMON_BLOCKS = YES;
				GCC_WARN_64_TO_32_BIT_CONVERSION = YES;
				GCC_WARN_ABOUT_RETURN_TYPE = YES_ERROR;
				GCC_WARN_UNDECLARED_SELECTOR = YES;
				GCC_WARN_UNINITIALIZED_AUTOS = YES_AGGRESSIVE;
				GCC_WARN_UNUSED_FUNCTION = YES;
				GCC_WARN_UNUSED_VARIABLE = YES;
				IPHONEOS_DEPLOYMENT_TARGET = 16.4;
				MTL_ENABLE_DEBUG_INFO = NO;
				MTL_FAST_MATH = YES;
				SDKROOT = iphoneos;
				SWIFT_COMPILATION_MODE = wholemodule;
				SWIFT_OPTIMIZATION_LEVEL = "-O";
				VALIDATE_PRODUCT = YES;
			};
			name = Release;
		};
		9D462CD62A227B26002EA875 /* Debug */ = {
			isa = XCBuildConfiguration;
			buildSettings = {
				ASSETCATALOG_COMPILER_APPICON_NAME = AppIcon;
				ASSETCATALOG_COMPILER_GLOBAL_ACCENT_COLOR_NAME = AccentColor;
				CODE_SIGN_STYLE = Automatic;
				CURRENT_PROJECT_VERSION = 1;
				DEVELOPMENT_ASSET_PATHS = "\"CoinGraphia/Preview Content\"";
				DEVELOPMENT_TEAM = 9MDT732A28;
				ENABLE_PREVIEWS = YES;
				GENERATE_INFOPLIST_FILE = YES;
				INFOPLIST_KEY_CFBundleDisplayName = "Coin Graphia";
				INFOPLIST_KEY_UIApplicationSceneManifest_Generation = YES;
				INFOPLIST_KEY_UIApplicationSupportsIndirectInputEvents = YES;
				INFOPLIST_KEY_UILaunchScreen_Generation = YES;
				INFOPLIST_KEY_UISupportedInterfaceOrientations = UIInterfaceOrientationPortrait;
				LD_RUNPATH_SEARCH_PATHS = (
					"$(inherited)",
					"@executable_path/Frameworks",
				);
				MARKETING_VERSION = 1.0;
				PRODUCT_BUNDLE_IDENTIFIER = nishaykumar.CoinGraphia;
				PRODUCT_NAME = "$(TARGET_NAME)";
				SWIFT_EMIT_LOC_STRINGS = YES;
				SWIFT_VERSION = 5.0;
				TARGETED_DEVICE_FAMILY = "1,2";
			};
			name = Debug;
		};
		9D462CD72A227B26002EA875 /* Release */ = {
			isa = XCBuildConfiguration;
			buildSettings = {
				ASSETCATALOG_COMPILER_APPICON_NAME = AppIcon;
				ASSETCATALOG_COMPILER_GLOBAL_ACCENT_COLOR_NAME = AccentColor;
				CODE_SIGN_STYLE = Automatic;
				CURRENT_PROJECT_VERSION = 1;
				DEVELOPMENT_ASSET_PATHS = "\"CoinGraphia/Preview Content\"";
				DEVELOPMENT_TEAM = 9MDT732A28;
				ENABLE_PREVIEWS = YES;
				GENERATE_INFOPLIST_FILE = YES;
				INFOPLIST_KEY_CFBundleDisplayName = "Coin Graphia";
				INFOPLIST_KEY_UIApplicationSceneManifest_Generation = YES;
				INFOPLIST_KEY_UIApplicationSupportsIndirectInputEvents = YES;
				INFOPLIST_KEY_UILaunchScreen_Generation = YES;
				INFOPLIST_KEY_UISupportedInterfaceOrientations = UIInterfaceOrientationPortrait;
				LD_RUNPATH_SEARCH_PATHS = (
					"$(inherited)",
					"@executable_path/Frameworks",
				);
				MARKETING_VERSION = 1.0;
				PRODUCT_BUNDLE_IDENTIFIER = nishaykumar.CoinGraphia;
				PRODUCT_NAME = "$(TARGET_NAME)";
				SWIFT_EMIT_LOC_STRINGS = YES;
				SWIFT_VERSION = 5.0;
				TARGETED_DEVICE_FAMILY = "1,2";
			};
			name = Release;
		};
/* End XCBuildConfiguration section */

/* Begin XCConfigurationList section */
		9D462CC22A227B25002EA875 /* Build configuration list for PBXProject "CoinGraphia" */ = {
			isa = XCConfigurationList;
			buildConfigurations = (
				9D462CD32A227B26002EA875 /* Debug */,
				9D462CD42A227B26002EA875 /* Release */,
			);
			defaultConfigurationIsVisible = 0;
			defaultConfigurationName = Release;
		};
		9D462CD52A227B26002EA875 /* Build configuration list for PBXNativeTarget "CoinGraphia" */ = {
			isa = XCConfigurationList;
			buildConfigurations = (
				9D462CD62A227B26002EA875 /* Debug */,
				9D462CD72A227B26002EA875 /* Release */,
			);
			defaultConfigurationIsVisible = 0;
			defaultConfigurationName = Release;
		};
/* End XCConfigurationList section */
	};
	rootObject = 9D462CBF2A227B25002EA875 /* Project object */;
}
